
Microsoft Visual Studio Solution File, Format Version 12.00
# Visual Studio Version 17
VisualStudioVersion = 17.0.31903.59
MinimumVisualStudioVersion = 10.0.40219.1
Project("{FAE04EC0-301F-11D3-BF4B-00C04F79EFBC}") = "NewAPI", "NewAPI\NewAPI.csproj", "{201E112B-46BE-4F14-B40E-5D645B68D889}"
EndProject
Project("{FAE04EC0-301F-11D3-BF4B-00C04F79EFBC}") = "NewAPI.Common", "NewAPI.Common\NewAPI.Common.csproj", "{B9E1AB27-214A-4214-B512-86C78C2028E2}"
EndProject
Project("{FAE04EC0-301F-11D3-BF4B-00C04F79EFBC}") = "NewAPI.Services", "NewAPI.Services\NewAPI.Services.csproj", "{05C8F563-E2F1-460B-BA3B-FEE73377C716}"
EndProject
Global
	GlobalSection(SolutionConfigurationPlatforms) = preSolution
		Debug|Any CPU = Debug|Any CPU
		Release|Any CPU = Release|Any CPU
	EndGlobalSection
	GlobalSection(SolutionProperties) = preSolution
		HideSolutionNode = FALSE
	EndGlobalSection
	GlobalSection(ProjectConfigurationPlatforms) = postSolution
		{201E112B-46BE-4F14-B40E-5D645B68D889}.Debug|Any CPU.ActiveCfg = Debug|Any CPU
		{201E112B-46BE-4F14-B40E-5D645B68D889}.Debug|Any CPU.Build.0 = Debug|Any CPU
		{201E112B-46BE-4F14-B40E-5D645B68D889}.Release|Any CPU.ActiveCfg = Release|Any CPU
		{201E112B-46BE-4F14-B40E-5D645B68D889}.Release|Any CPU.Build.0 = Release|Any CPU
		{B9E1AB27-214A-4214-B512-86C78C2028E2}.Debug|Any CPU.ActiveCfg = Debug|Any CPU
		{B9E1AB27-214A-4214-B512-86C78C2028E2}.Debug|Any CPU.Build.0 = Debug|Any CPU
		{B9E1AB27-214A-4214-B512-86C78C2028E2}.Release|Any CPU.ActiveCfg = Release|Any CPU
		{B9E1AB27-214A-4214-B512-86C78C2028E2}.Release|Any CPU.Build.0 = Release|Any CPU
		{4DAA1624-A205-4459-9753-46129B59A0D8}.Debug|Any CPU.ActiveCfg = Debug|Any CPU
		{4DAA1624-A205-4459-9753-46129B59A0D8}.Debug|Any CPU.Build.0 = Debug|Any CPU
		{4DAA1624-A205-4459-9753-46129B59A0D8}.Release|Any CPU.ActiveCfg = Release|Any CPU
		{4DAA1624-A205-4459-9753-46129B59A0D8}.Release|Any CPU.Build.0 = Release|Any CPU
		{05C8F563-E2F1-460B-BA3B-FEE73377C716}.Debug|Any CPU.ActiveCfg = Debug|Any CPU
		{05C8F563-E2F1-460B-BA3B-FEE73377C716}.Debug|Any CPU.Build.0 = Debug|Any CPU
		{05C8F563-E2F1-460B-BA3B-FEE73377C716}.Release|Any CPU.ActiveCfg = Release|Any CPU
		{05C8F563-E2F1-460B-BA3B-FEE73377C716}.Release|Any CPU.Build.0 = Release|Any CPU
	EndGlobalSection
EndGlobal
